// !$*UTF8*$!
{
	archiveVersion = 1;
	classes = {
	};
	objectVersion = 46;
	objects = {

/* Begin PBXBuildFile section */
		3690C8521E7AEA9500A5C9AC /* main.c in Sources */ = {isa = PBXBuildFile; fileRef = 3690C8511E7AEA9500A5C9AC /* main.c */; };
		3690C8611E7AEADC00A5C9AC /* test.c in Sources */ = {isa = PBXBuildFile; fileRef = 3690C85B1E7AEADC00A5C9AC /* test.c */; };
		3690C8631E7AEADC00A5C9AC /* yuv420rgb8888c.c in Sources */ = {isa = PBXBuildFile; fileRef = 3690C85E1E7AEADC00A5C9AC /* yuv420rgb8888c.c */; };
		3690C8641E7AEADC00A5C9AC /* yuv420rgb8888neon.c in Sources */ = {isa = PBXBuildFile; fileRef = 3690C85F1E7AEADC00A5C9AC /* yuv420rgb8888neon.c */; };
		3690C8671E7AEB5700A5C9AC /* yuv2rgb16tab.c in Sources */ = {isa = PBXBuildFile; fileRef = 3690C8661E7AEB5700A5C9AC /* yuv2rgb16tab.c */; };
		3690C8691E7AECCE00A5C9AC /* yuv2rgb565_table.c in Sources */ = {isa = PBXBuildFile; fileRef = 3690C8681E7AECCE00A5C9AC /* yuv2rgb565_table.c */; };
/* End PBXBuildFile section */

/* Begin PBXCopyFilesBuildPhase section */
		3690C84C1E7AEA9500A5C9AC /* CopyFiles */ = {
			isa = PBXCopyFilesBuildPhase;
			buildActionMask = 2147483647;
			dstPath = /usr/share/man/man1/;
			dstSubfolderSpec = 0;
			files = (
			);
			runOnlyForDeploymentPostprocessing = 1;
		};
/* End PBXCopyFilesBuildPhase section */

/* Begin PBXFileReference section */
		3690C84E1E7AEA9500A5C9AC /* TestYUV2RGB */ = {isa = PBXFileReference; explicitFileType = "compiled.mach-o.executable"; includeInIndex = 0; path = TestYUV2RGB; sourceTree = BUILT_PRODUCTS_DIR; };
		3690C8511E7AEA9500A5C9AC /* main.c */ = {isa = PBXFileReference; lastKnownFileType = sourcecode.c.c; path = main.c; sourceTree = "<group>"; };
		3690C8591E7AEADC00A5C9AC /* chroma_neon.h */ = {isa = PBXFileReference; fileEncoding = 4; lastKnownFileType = sourcecode.c.h; path = chroma_neon.h; sourceTree = "<group>"; };
		3690C85B1E7AEADC00A5C9AC /* test.c */ = {isa = PBXFileReference; fileEncoding = 4; lastKnownFileType = sourcecode.c.c; path = test.c; sourceTree = "<group>"; };
		3690C85C1E7AEADC00A5C9AC /* yuv2rgb.h */ = {isa = PBXFileReference; fileEncoding = 4; lastKnownFileType = sourcecode.c.h; path = yuv2rgb.h; sourceTree = "<group>"; };
		3690C85E1E7AEADC00A5C9AC /* yuv420rgb8888c.c */ = {isa = PBXFileReference; fileEncoding = 4; lastKnownFileType = sourcecode.c.c; path = yuv420rgb8888c.c; sourceTree = "<group>"; };
		3690C85F1E7AEADC00A5C9AC /* yuv420rgb8888neon.c */ = {isa = PBXFileReference; fileEncoding = 4; lastKnownFileType = sourcecode.c.c; path = yuv420rgb8888neon.c; sourceTree = "<group>"; };
		3690C8651E7AEAF200A5C9AC /* out.yuv */ = {isa = PBXFileReference; fileEncoding = 4; lastKnownFileType = text; path = out.yuv; sourceTree = "<group>"; };
		3690C8661E7AEB5700A5C9AC /* yuv2rgb16tab.c */ = {isa = PBXFileReference; fileEncoding = 4; lastKnownFileType = sourcecode.c.c; path = yuv2rgb16tab.c; sourceTree = "<group>"; };
		3690C8681E7AECCE00A5C9AC /* yuv2rgb565_table.c */ = {isa = PBXFileReference; fileEncoding = 4; lastKnownFileType = sourcecode.c.c; path = yuv2rgb565_table.c; sourceTree = "<group>"; };
/* End PBXFileReference section */

/* Begin PBXFrameworksBuildPhase section */
		3690C84B1E7AEA9500A5C9AC /* Frameworks */ = {
			isa = PBXFrameworksBuildPhase;
			buildActionMask = 2147483647;
			files = (
			);
			runOnlyForDeploymentPostprocessing = 0;
		};
/* End PBXFrameworksBuildPhase section */

/* Begin PBXGroup section */
		3690C8451E7AEA9500A5C9AC = {
			isa = PBXGroup;
			children = (
				3690C8581E7AEADC00A5C9AC /* YUV2RGB */,
				3690C8501E7AEA9500A5C9AC /* TestYUV2RGB */,
				3690C84F1E7AEA9500A5C9AC /* Products */,
			);
			sourceTree = "<group>";
		};
		3690C84F1E7AEA9500A5C9AC /* Products */ = {
			isa = PBXGroup;
			children = (
				3690C84E1E7AEA9500A5C9AC /* TestYUV2RGB */,
			);
			name = Products;
			sourceTree = "<group>";
		};
		3690C8501E7AEA9500A5C9AC /* TestYUV2RGB */ = {
			isa = PBXGroup;
			children = (
				3690C8511E7AEA9500A5C9AC /* main.c */,
			);
			path = TestYUV2RGB;
			sourceTree = "<group>";
		};
		3690C8581E7AEADC00A5C9AC /* YUV2RGB */ = {
			isa = PBXGroup;
			children = (
				3690C8681E7AECCE00A5C9AC /* yuv2rgb565_table.c */,
				3690C8661E7AEB5700A5C9AC /* yuv2rgb16tab.c */,
				3690C8651E7AEAF200A5C9AC /* out.yuv */,
				3690C8591E7AEADC00A5C9AC /* chroma_neon.h */,
				3690C85B1E7AEADC00A5C9AC /* test.c */,
				3690C85C1E7AEADC00A5C9AC /* yuv2rgb.h */,
				3690C85E1E7AEADC00A5C9AC /* yuv420rgb8888c.c */,
				3690C85F1E7AEADC00A5C9AC /* yuv420rgb8888neon.c */,
			);
			path = YUV2RGB;
			sourceTree = "<group>";
		};
/* End PBXGroup section */

/* Begin PBXNativeTarget section */
		3690C84D1E7AEA9500A5C9AC /* TestYUV2RGB */ = {
			isa = PBXNativeTarget;
			buildConfigurationList = 3690C8551E7AEA9500A5C9AC /* Build configuration list for PBXNativeTarget "TestYUV2RGB" */;
			buildPhases = (
				3690C84A1E7AEA9500A5C9AC /* Sources */,
				3690C84B1E7AEA9500A5C9AC /* Frameworks */,
				3690C84C1E7AEA9500A5C9AC /* CopyFiles */,
			);
			buildRules = (
			);
			dependencies = (
			);
			name = TestYUV2RGB;
			productName = TestYUV2RGB;
			productReference = 3690C84E1E7AEA9500A5C9AC /* TestYUV2RGB */;
			productType = "com.apple.product-type.tool";
		};
/* End PBXNativeTarget section */

/* Begin PBXProject section */
		3690C8461E7AEA9500A5C9AC /* Project object */ = {
			isa = PBXProject;
			attributes = {
				LastUpgradeCheck = 0820;
				ORGANIZATIONNAME = cmbu;
				TargetAttributes = {
					3690C84D1E7AEA9500A5C9AC = {
						CreatedOnToolsVersion = 8.2.1;
						ProvisioningStyle = Automatic;
					};
				};
			};
			buildConfigurationList = 3690C8491E7AEA9500A5C9AC /* Build configuration list for PBXProject "TestYUV2RGB" */;
			compatibilityVersion = "Xcode 3.2";
			developmentRegion = English;
			hasScannedForEncodings = 0;
			knownRegions = (
				en,
			);
			mainGroup = 3690C8451E7AEA9500A5C9AC;
			productRefGroup = 3690C84F1E7AEA9500A5C9AC /* Products */;
			projectDirPath = "";
			projectRoot = "";
			targets = (
				3690C84D1E7AEA9500A5C9AC /* TestYUV2RGB */,
			);
		};
/* End PBXProject section */

/* Begin PBXSourcesBuildPhase section */
		3690C84A1E7AEA9500A5C9AC /* Sources */ = {
			isa = PBXSourcesBuildPhase;
			buildActionMask = 2147483647;
			files = (
				3690C8671E7AEB5700A5C9AC /* yuv2rgb16tab.c in Sources */,
				3690C8611E7AEADC00A5C9AC /* test.c in Sources */,
				3690C8521E7AEA9500A5C9AC /* main.c in Sources */,
				3690C8631E7AEADC00A5C9AC /* yuv420rgb8888c.c in Sources */,
				3690C8641E7AEADC00A5C9AC /* yuv420rgb8888neon.c in Sources */,
				3690C8691E7AECCE00A5C9AC /* yuv2rgb565_table.c in Sources */,
			);
			runOnlyForDeploymentPostprocessing = 0;
		};
/* End PBXSourcesBuildPhase section */

/* Begin XCBuildConfiguration section */
		3690C8531E7AEA9500A5C9AC /* Debug */ = {
			isa = XCBuildConfiguration;
			buildSettings = {
				ALWAYS_SEARCH_USER_PATHS = NO;
				CLANG_ANALYZER_NONNULL = YES;
				CLANG_CXX_LANGUAGE_STANDARD = "gnu++0x";
				CLANG_CXX_LIBRARY = "libc++";
				CLANG_ENABLE_MODULES = YES;
				CLANG_ENABLE_OBJC_ARC = YES;
				CLANG_WARN_BOOL_CONVERSION = YES;
				CLANG_WARN_CONSTANT_CONVERSION = YES;
				CLANG_WARN_DIRECT_OBJC_ISA_USAGE = YES_ERROR;
				CLANG_WARN_DOCUMENTATION_COMMENTS = YES;
				CLANG_WARN_EMPTY_BODY = YES;
				CLANG_WARN_ENUM_CONVERSION = YES;
				CLANG_WARN_INFINITE_RECURSION = YES;
				CLANG_WARN_INT_CONVERSION = YES;
				CLANG_WARN_OBJC_ROOT_CLASS = YES_ERROR;
				CLANG_WARN_SUSPICIOUS_MOVE = YES;
				CLANG_WARN_UNREACHABLE_CODE = YES;
				CLANG_WARN__DUPLICATE_METHOD_MATCH = YES;
				CODE_SIGN_IDENTITY = "-";
				COPY_PHASE_STRIP = NO;
				DEBUG_INFORMATION_FORMAT = dwarf;
				ENABLE_STRICT_OBJC_MSGSEND = YES;
				ENABLE_TESTABILITY = YES;
				GCC_C_LANGUAGE_STANDARD = gnu99;
				GCC_DYNAMIC_NO_PIC = NO;
				GCC_NO_COMMON_BLOCKS = YES;
				GCC_OPTIMIZATION_LEVEL = 0;
				GCC_PREPROCESSOR_DEFINITIONS = (
					"DEBUG=1",
					"$(inherited)",
				);
				GCC_WARN_64_TO_32_BIT_CONVERSION = YES;
				GCC_WARN_ABOUT_RETURN_TYPE = YES_ERROR;
				GCC_WARN_UNDECLARED_SELECTOR = YES;
				GCC_WARN_UNINITIALIZED_AUTOS = YES_AGGRESSIVE;
				GCC_WARN_UNUSED_FUNCTION = YES;
				GCC_WARN_UNUSED_VARIABLE = YES;
				MACOSX_DEPLOYMENT_TARGET = 10.12;
				MTL_ENABLE_DEBUG_INFO = YES;
				ONLY_ACTIVE_ARCH = YES;
				SDKROOT = macosx;
			};
			name = Debug;
		};
		3690C8541E7AEA9500A5C9AC /* Release */ = {
			isa = XCBuildConfiguration;
			buildSettings = {
				ALWAYS_SEARCH_USER_PATHS = NO;
				CLANG_ANALYZER_NONNULL = YES;
				CLANG_CXX_LANGUAGE_STANDARD = "gnu++0x";
				CLANG_CXX_LIBRARY = "libc++";
				CLANG_ENABLE_MODULES = YES;
				CLANG_ENABLE_OBJC_ARC = YES;
				CLANG_WARN_BOOL_CONVERSION = YES;
				CLANG_WARN_CONSTANT_CONVERSION = YES;
				CLANG_WARN_DIRECT_OBJC_ISA_USAGE = YES_ERROR;
				CLANG_WARN_DOCUMENTATION_COMMENTS = YES;
				CLANG_WARN_EMPTY_BODY = YES;
				CLANG_WARN_ENUM_CONVERSION = YES;
				CLANG_WARN_INFINITE_RECURSION = YES;
				CLANG_WARN_INT_CONVERSION = YES;
				CLANG_WARN_OBJC_ROOT_CLASS = YES_ERROR;
				CLANG_WARN_SUSPICIOUS_MOVE = YES;
				CLANG_WARN_UNREACHABLE_CODE = YES;
				CLANG_WARN__DUPLICATE_METHOD_MATCH = YES;
				CODE_SIGN_IDENTITY = "-";
				COPY_PHASE_STRIP = NO;
				DEBUG_INFORMATION_FORMAT = "dwarf-with-dsym";
				ENABLE_NS_ASSERTIONS = NO;
				ENABLE_STRICT_OBJC_MSGSEND = YES;
				GCC_C_LANGUAGE_STANDARD = gnu99;
				GCC_NO_COMMON_BLOCKS = YES;
				GCC_WARN_64_TO_32_BIT_CONVERSION = YES;
				GCC_WARN_ABOUT_RETURN_TYPE = YES_ERROR;
				GCC_WARN_UNDECLARED_SELECTOR = YES;
				GCC_WARN_UNINITIALIZED_AUTOS = YES_AGGRESSIVE;
				GCC_WARN_UNUSED_FUNCTION = YES;
				GCC_WARN_UNUSED_VARIABLE = YES;
				MACOSX_DEPLOYMENT_TARGET = 10.12;
				MTL_ENABLE_DEBUG_INFO = NO;
				SDKROOT = macosx;
			};
			name = Release;
		};
		3690C8561E7AEA9500A5C9AC /* Debug */ = {
			isa = XCBuildConfiguration;
			buildSettings = {
				PRODUCT_NAME = "$(TARGET_NAME)";
			};
			name = Debug;
		};
		3690C8571E7AEA9500A5C9AC /* Release */ = {
			isa = XCBuildConfiguration;
			buildSettings = {
				PRODUCT_NAME = "$(TARGET_NAME)";
			};
			name = Release;
		};
/* End XCBuildConfiguration section */

/* Begin XCConfigurationList section */
		3690C8491E7AEA9500A5C9AC /* Build configuration list for PBXProject "TestYUV2RGB" */ = {
			isa = XCConfigurationList;
			buildConfigurations = (
				3690C8531E7AEA9500A5C9AC /* Debug */,
				3690C8541E7AEA9500A5C9AC /* Release */,
			);
			defaultConfigurationIsVisible = 0;
			defaultConfigurationName = Release;
		};
		3690C8551E7AEA9500A5C9AC /* Build configuration list for PBXNativeTarget "TestYUV2RGB" */ = {
			isa = XCConfigurationList;
			buildConfigurations = (
				3690C8561E7AEA9500A5C9AC /* Debug */,
				3690C8571E7AEA9500A5C9AC /* Release */,
			);
			defaultConfigurationIsVisible = 0;
		};
/* End XCConfigurationList section */
	};
	rootObject = 3690C8461E7AEA9500A5C9AC /* Project object */;
}
